
Microsoft Visual Studio Solution File, Format Version 12.00
# Visual Studio Version 16
VisualStudioVersion = 16.0.28809.33
MinimumVisualStudioVersion = 10.0.40219.1
Project("{9A19103F-16F7-4668-BE54-9A1E7A4F7556}") = "ProjectDP", "ProjectDP\ProjectDP.csproj", "{0032850F-6B63-4FA6-B763-3249F5AA38E7}"
EndProject
Project("{9A19103F-16F7-4668-BE54-9A1E7A4F7556}") = "BurgerTerminal", "..\..\S2\Design pattern\soutenance\BurgerDesignPattern\BurgerTerminal.csproj", "{17C750FB-D922-49CD-A02C-16BEF496A0D3}"
EndProject
Global
	GlobalSection(SolutionConfigurationPlatforms) = preSolution
		Debug|Any CPU = Debug|Any CPU
		Release|Any CPU = Release|Any CPU
	EndGlobalSection
	GlobalSection(ProjectConfigurationPlatforms) = postSolution
		{0032850F-6B63-4FA6-B763-3249F5AA38E7}.Debug|Any CPU.ActiveCfg = Debug|Any CPU
		{0032850F-6B63-4FA6-B763-3249F5AA38E7}.Debug|Any CPU.Build.0 = Debug|Any CPU
		{0032850F-6B63-4FA6-B763-3249F5AA38E7}.Release|Any CPU.ActiveCfg = Release|Any CPU
		{0032850F-6B63-4FA6-B763-3249F5AA38E7}.Release|Any CPU.Build.0 = Release|Any CPU
		{17C750FB-D922-49CD-A02C-16BEF496A0D3}.Debug|Any CPU.ActiveCfg = Debug|Any CPU
		{17C750FB-D922-49CD-A02C-16BEF496A0D3}.Debug|Any CPU.Build.0 = Debug|Any CPU
		{17C750FB-D922-49CD-A02C-16BEF496A0D3}.Release|Any CPU.ActiveCfg = Release|Any CPU
		{17C750FB-D922-49CD-A02C-16BEF496A0D3}.Release|Any CPU.Build.0 = Release|Any CPU
	EndGlobalSection
	GlobalSection(SolutionProperties) = preSolution
		HideSolutionNode = FALSE
	EndGlobalSection
	GlobalSection(ExtensibilityGlobals) = postSolution
		SolutionGuid = {3424AF4E-100A-4901-9ADC-73954596F0F7}
	EndGlobalSection
EndGlobal
